
Microsoft Visual Studio Solution File, Format Version 12.00
# Visual Studio 15
VisualStudioVersion = 15.0.27130.2024
MinimumVisualStudioVersion = 10.0.40219.1
Project("{8BC9CEB8-8B4A-11D0-8D11-00A0C91BC942}") = "2048Assignment", "2048Assignment\2048Assignment.vcxproj", "{96DCCB39-6691-44D1-9A8A-61796BA9CC3E}"
EndProject
Global
	GlobalSection(SolutionConfigurationPlatforms) = preSolution
		Debug|x64 = Debug|x64
		Debug|x86 = Debug|x86
		Release|x64 = Release|x64
		Release|x86 = Release|x86
	EndGlobalSection
	GlobalSection(ProjectConfigurationPlatforms) = postSolution
		{96DCCB39-6691-44D1-9A8A-61796BA9CC3E}.Debug|x64.ActiveCfg = Debug|x64
		{96DCCB39-6691-44D1-9A8A-61796BA9CC3E}.Debug|x64.Build.0 = Debug|x64
		{96DCCB39-6691-44D1-9A8A-61796BA9CC3E}.Debug|x86.ActiveCfg = Debug|Win32
		{96DCCB39-6691-44D1-9A8A-61796BA9CC3E}.Debug|x86.Build.0 = Debug|Win32
		{96DCCB39-6691-44D1-9A8A-61796BA9CC3E}.Release|x64.ActiveCfg = Release|x64
		{96DCCB39-6691-44D1-9A8A-61796BA9CC3E}.Release|x64.Build.0 = Release|x64
		{96DCCB39-6691-44D1-9A8A-61796BA9CC3E}.Release|x86.ActiveCfg = Release|Win32
		{96DCCB39-6691-44D1-9A8A-61796BA9CC3E}.Release|x86.Build.0 = Release|Win32
	EndGlobalSection
	GlobalSection(SolutionProperties) = preSolution
		HideSolutionNode = FALSE
	EndGlobalSection
	GlobalSection(ExtensibilityGlobals) = postSolution
		SolutionGuid = {DE8B1F52-E6FF-43C8-A2ED-BD59ADCEA7EF}
	EndGlobalSection
EndGlobal
